
Microsoft Visual Studio Solution File, Format Version 12.00
# Visual Studio Version 16
VisualStudioVersion = 16.0.30907.101
MinimumVisualStudioVersion = 10.0.40219.1
Project("{FAE04EC0-301F-11D3-BF4B-00C04F79EFBC}") = "CognoStocks", "CognoStocks.csproj", "{C571D189-BA05-4B83-BA0F-C9CD25B15AA2}"
EndProject
Global
	GlobalSection(SolutionConfigurationPlatforms) = preSolution
		Debug|Any CPU = Debug|Any CPU
		Release|Any CPU = Release|Any CPU
	EndGlobalSection
	GlobalSection(ProjectConfigurationPlatforms) = postSolution
		{C571D189-BA05-4B83-BA0F-C9CD25B15AA2}.Debug|Any CPU.ActiveCfg = Debug|Any CPU
		{C571D189-BA05-4B83-BA0F-C9CD25B15AA2}.Debug|Any CPU.Build.0 = Debug|Any CPU
		{C571D189-BA05-4B83-BA0F-C9CD25B15AA2}.Release|Any CPU.ActiveCfg = Release|Any CPU
		{C571D189-BA05-4B83-BA0F-C9CD25B15AA2}.Release|Any CPU.Build.0 = Release|Any CPU
	EndGlobalSection
	GlobalSection(SolutionProperties) = preSolution
		HideSolutionNode = FALSE
	EndGlobalSection
	GlobalSection(ExtensibilityGlobals) = postSolution
		SolutionGuid = {870C9897-63E9-4A31-A47E-83C5712A46A2}
	EndGlobalSection
EndGlobal
